// !$*UTF8*$!
{
	archiveVersion = 1;
	classes = {
	};
	objectVersion = 46;
	objects = {

/* Begin PBXBuildFile section */
		BFAED4F71A1BBCC700980A88 /* AppDelegate.swift in Sources */ = {isa = PBXBuildFile; fileRef = BFAED4F61A1BBCC700980A88 /* AppDelegate.swift */; };
		BFAED4F91A1BBCC700980A88 /* ViewController.swift in Sources */ = {isa = PBXBuildFile; fileRef = BFAED4F81A1BBCC700980A88 /* ViewController.swift */; };
		BFAED4FC1A1BBCC700980A88 /* Main.storyboard in Resources */ = {isa = PBXBuildFile; fileRef = BFAED4FA1A1BBCC700980A88 /* Main.storyboard */; };
		BFAED4FE1A1BBCC700980A88 /* Images.xcassets in Resources */ = {isa = PBXBuildFile; fileRef = BFAED4FD1A1BBCC700980A88 /* Images.xcassets */; };
		BFAED5011A1BBCC700980A88 /* LaunchScreen.xib in Resources */ = {isa = PBXBuildFile; fileRef = BFAED4FF1A1BBCC700980A88 /* LaunchScreen.xib */; };
		BFAED50D1A1BBCC700980A88 /* ToastyTests.swift in Sources */ = {isa = PBXBuildFile; fileRef = BFAED50C1A1BBCC700980A88 /* ToastyTests.swift */; };
		BFAED51D1A1BBCD600980A88 /* NotificationCenter.framework in Frameworks */ = {isa = PBXBuildFile; fileRef = BFAED51C1A1BBCD600980A88 /* NotificationCenter.framework */; };
		BFAED5221A1BBCD600980A88 /* TodayViewController.swift in Sources */ = {isa = PBXBuildFile; fileRef = BFAED5211A1BBCD600980A88 /* TodayViewController.swift */; };
		BFAED5241A1BBCD600980A88 /* MainInterface.storyboard in Resources */ = {isa = PBXBuildFile; fileRef = BFAED5231A1BBCD600980A88 /* MainInterface.storyboard */; };
		BFAED5271A1BBCD600980A88 /* WidgetView.appex in Embed App Extensions */ = {isa = PBXBuildFile; fileRef = BFAED51A1A1BBCD600980A88 /* WidgetView.appex */; settings = {ATTRIBUTES = (RemoveHeadersOnCopy, ); }; };
		BFAED52D1A1BF02600980A88 /* AEXML.swift in Sources */ = {isa = PBXBuildFile; fileRef = BFAED52C1A1BF02600980A88 /* AEXML.swift */; };
/* End PBXBuildFile section */

/* Begin PBXContainerItemProxy section */
		BFAED5071A1BBCC700980A88 /* PBXContainerItemProxy */ = {
			isa = PBXContainerItemProxy;
			containerPortal = BFAED4E91A1BBCC700980A88 /* Project object */;
			proxyType = 1;
			remoteGlobalIDString = BFAED4F01A1BBCC700980A88;
			remoteInfo = Toasty;
		};
		BFAED5251A1BBCD600980A88 /* PBXContainerItemProxy */ = {
			isa = PBXContainerItemProxy;
			containerPortal = BFAED4E91A1BBCC700980A88 /* Project object */;
			proxyType = 1;
			remoteGlobalIDString = BFAED5191A1BBCD600980A88;
			remoteInfo = WidgetView;
		};
/* End PBXContainerItemProxy section */

/* Begin PBXCopyFilesBuildPhase section */
		BFAED52B1A1BBCD600980A88 /* Embed App Extensions */ = {
			isa = PBXCopyFilesBuildPhase;
			buildActionMask = 2147483647;
			dstPath = "";
			dstSubfolderSpec = 13;
			files = (
				BFAED5271A1BBCD600980A88 /* WidgetView.appex in Embed App Extensions */,
			);
			name = "Embed App Extensions";
			runOnlyForDeploymentPostprocessing = 0;
		};
/* End PBXCopyFilesBuildPhase section */

/* Begin PBXFileReference section */
		BFAED4F11A1BBCC700980A88 /* Toasty.app */ = {isa = PBXFileReference; explicitFileType = wrapper.application; includeInIndex = 0; path = Toasty.app; sourceTree = BUILT_PRODUCTS_DIR; };
		BFAED4F51A1BBCC700980A88 /* Info.plist */ = {isa = PBXFileReference; lastKnownFileType = text.plist.xml; path = Info.plist; sourceTree = "<group>"; };
		BFAED4F61A1BBCC700980A88 /* AppDelegate.swift */ = {isa = PBXFileReference; lastKnownFileType = sourcecode.swift; path = AppDelegate.swift; sourceTree = "<group>"; };
		BFAED4F81A1BBCC700980A88 /* ViewController.swift */ = {isa = PBXFileReference; lastKnownFileType = sourcecode.swift; path = ViewController.swift; sourceTree = "<group>"; };
		BFAED4FB1A1BBCC700980A88 /* Base */ = {isa = PBXFileReference; lastKnownFileType = file.storyboard; name = Base; path = Base.lproj/Main.storyboard; sourceTree = "<group>"; };
		BFAED4FD1A1BBCC700980A88 /* Images.xcassets */ = {isa = PBXFileReference; lastKnownFileType = folder.assetcatalog; path = Images.xcassets; sourceTree = "<group>"; };
		BFAED5001A1BBCC700980A88 /* Base */ = {isa = PBXFileReference; lastKnownFileType = file.xib; name = Base; path = Base.lproj/LaunchScreen.xib; sourceTree = "<group>"; };
		BFAED5061A1BBCC700980A88 /* ToastyTests.xctest */ = {isa = PBXFileReference; explicitFileType = wrapper.cfbundle; includeInIndex = 0; path = ToastyTests.xctest; sourceTree = BUILT_PRODUCTS_DIR; };
		BFAED50B1A1BBCC700980A88 /* Info.plist */ = {isa = PBXFileReference; lastKnownFileType = text.plist.xml; path = Info.plist; sourceTree = "<group>"; };
		BFAED50C1A1BBCC700980A88 /* ToastyTests.swift */ = {isa = PBXFileReference; lastKnownFileType = sourcecode.swift; path = ToastyTests.swift; sourceTree = "<group>"; };
		BFAED51A1A1BBCD600980A88 /* WidgetView.appex */ = {isa = PBXFileReference; explicitFileType = "wrapper.app-extension"; includeInIndex = 0; path = WidgetView.appex; sourceTree = BUILT_PRODUCTS_DIR; };
		BFAED51C1A1BBCD600980A88 /* NotificationCenter.framework */ = {isa = PBXFileReference; lastKnownFileType = wrapper.framework; name = NotificationCenter.framework; path = System/Library/Frameworks/NotificationCenter.framework; sourceTree = SDKROOT; };
		BFAED5201A1BBCD600980A88 /* Info.plist */ = {isa = PBXFileReference; lastKnownFileType = text.plist.xml; path = Info.plist; sourceTree = "<group>"; };
		BFAED5211A1BBCD600980A88 /* TodayViewController.swift */ = {isa = PBXFileReference; lastKnownFileType = sourcecode.swift; path = TodayViewController.swift; sourceTree = "<group>"; };
		BFAED5231A1BBCD600980A88 /* MainInterface.storyboard */ = {isa = PBXFileReference; lastKnownFileType = file.storyboard; path = MainInterface.storyboard; sourceTree = "<group>"; };
		BFAED52C1A1BF02600980A88 /* AEXML.swift */ = {isa = PBXFileReference; fileEncoding = 4; lastKnownFileType = sourcecode.swift; path = AEXML.swift; sourceTree = "<group>"; };
/* End PBXFileReference section */

/* Begin PBXFrameworksBuildPhase section */
		BFAED4EE1A1BBCC700980A88 /* Frameworks */ = {
			isa = PBXFrameworksBuildPhase;
			buildActionMask = 2147483647;
			files = (
			);
			runOnlyForDeploymentPostprocessing = 0;
		};
		BFAED5031A1BBCC700980A88 /* Frameworks */ = {
			isa = PBXFrameworksBuildPhase;
			buildActionMask = 2147483647;
			files = (
			);
			runOnlyForDeploymentPostprocessing = 0;
		};
		BFAED5171A1BBCD600980A88 /* Frameworks */ = {
			isa = PBXFrameworksBuildPhase;
			buildActionMask = 2147483647;
			files = (
				BFAED51D1A1BBCD600980A88 /* NotificationCenter.framework in Frameworks */,
			);
			runOnlyForDeploymentPostprocessing = 0;
		};
/* End PBXFrameworksBuildPhase section */

/* Begin PBXGroup section */
		BFAED4E81A1BBCC700980A88 = {
			isa = PBXGroup;
			children = (
				BFAED4F31A1BBCC700980A88 /* Toasty */,
				BFAED5091A1BBCC700980A88 /* ToastyTests */,
				BFAED51E1A1BBCD600980A88 /* WidgetView */,
				BFAED51B1A1BBCD600980A88 /* Frameworks */,
				BFAED4F21A1BBCC700980A88 /* Products */,
			);
			sourceTree = "<group>";
		};
		BFAED4F21A1BBCC700980A88 /* Products */ = {
			isa = PBXGroup;
			children = (
				BFAED4F11A1BBCC700980A88 /* Toasty.app */,
				BFAED5061A1BBCC700980A88 /* ToastyTests.xctest */,
				BFAED51A1A1BBCD600980A88 /* WidgetView.appex */,
			);
			name = Products;
			sourceTree = "<group>";
		};
		BFAED4F31A1BBCC700980A88 /* Toasty */ = {
			isa = PBXGroup;
			children = (
				BFAED4F61A1BBCC700980A88 /* AppDelegate.swift */,
				BFAED4F81A1BBCC700980A88 /* ViewController.swift */,
				BFAED4FA1A1BBCC700980A88 /* Main.storyboard */,
				BFAED4FD1A1BBCC700980A88 /* Images.xcassets */,
				BFAED4FF1A1BBCC700980A88 /* LaunchScreen.xib */,
				BFAED4F41A1BBCC700980A88 /* Supporting Files */,
			);
			path = Toasty;
			sourceTree = "<group>";
		};
		BFAED4F41A1BBCC700980A88 /* Supporting Files */ = {
			isa = PBXGroup;
			children = (
				BFAED4F51A1BBCC700980A88 /* Info.plist */,
			);
			name = "Supporting Files";
			sourceTree = "<group>";
		};
		BFAED5091A1BBCC700980A88 /* ToastyTests */ = {
			isa = PBXGroup;
			children = (
				BFAED50C1A1BBCC700980A88 /* ToastyTests.swift */,
				BFAED50A1A1BBCC700980A88 /* Supporting Files */,
			);
			path = ToastyTests;
			sourceTree = "<group>";
		};
		BFAED50A1A1BBCC700980A88 /* Supporting Files */ = {
			isa = PBXGroup;
			children = (
				BFAED50B1A1BBCC700980A88 /* Info.plist */,
			);
			name = "Supporting Files";
			sourceTree = "<group>";
		};
		BFAED51B1A1BBCD600980A88 /* Frameworks */ = {
			isa = PBXGroup;
			children = (
				BFAED51C1A1BBCD600980A88 /* NotificationCenter.framework */,
			);
			name = Frameworks;
			sourceTree = "<group>";
		};
		BFAED51E1A1BBCD600980A88 /* WidgetView */ = {
			isa = PBXGroup;
			children = (
				BFAED52C1A1BF02600980A88 /* AEXML.swift */,
				BFAED5211A1BBCD600980A88 /* TodayViewController.swift */,
				BFAED5231A1BBCD600980A88 /* MainInterface.storyboard */,
				BFAED51F1A1BBCD600980A88 /* Supporting Files */,
			);
			path = WidgetView;
			sourceTree = "<group>";
		};
		BFAED51F1A1BBCD600980A88 /* Supporting Files */ = {
			isa = PBXGroup;
			children = (
				BFAED5201A1BBCD600980A88 /* Info.plist */,
			);
			name = "Supporting Files";
			sourceTree = "<group>";
		};
/* End PBXGroup section */

/* Begin PBXNativeTarget section */
		BFAED4F01A1BBCC700980A88 /* Toasty */ = {
			isa = PBXNativeTarget;
			buildConfigurationList = BFAED5101A1BBCC700980A88 /* Build configuration list for PBXNativeTarget "Toasty" */;
			buildPhases = (
				BFAED4ED1A1BBCC700980A88 /* Sources */,
				BFAED4EE1A1BBCC700980A88 /* Frameworks */,
				BFAED4EF1A1BBCC700980A88 /* Resources */,
				BFAED52B1A1BBCD600980A88 /* Embed App Extensions */,
			);
			buildRules = (
			);
			dependencies = (
				BFAED5261A1BBCD600980A88 /* PBXTargetDependency */,
			);
			name = Toasty;
			productName = Toasty;
			productReference = BFAED4F11A1BBCC700980A88 /* Toasty.app */;
			productType = "com.apple.product-type.application";
		};
		BFAED5051A1BBCC700980A88 /* ToastyTests */ = {
			isa = PBXNativeTarget;
			buildConfigurationList = BFAED5131A1BBCC700980A88 /* Build configuration list for PBXNativeTarget "ToastyTests" */;
			buildPhases = (
				BFAED5021A1BBCC700980A88 /* Sources */,
				BFAED5031A1BBCC700980A88 /* Frameworks */,
				BFAED5041A1BBCC700980A88 /* Resources */,
			);
			buildRules = (
			);
			dependencies = (
				BFAED5081A1BBCC700980A88 /* PBXTargetDependency */,
			);
			name = ToastyTests;
			productName = ToastyTests;
			productReference = BFAED5061A1BBCC700980A88 /* ToastyTests.xctest */;
			productType = "com.apple.product-type.bundle.unit-test";
		};
		BFAED5191A1BBCD600980A88 /* WidgetView */ = {
			isa = PBXNativeTarget;
			buildConfigurationList = BFAED5281A1BBCD600980A88 /* Build configuration list for PBXNativeTarget "WidgetView" */;
			buildPhases = (
				BFAED5161A1BBCD600980A88 /* Sources */,
				BFAED5171A1BBCD600980A88 /* Frameworks */,
				BFAED5181A1BBCD600980A88 /* Resources */,
			);
			buildRules = (
			);
			dependencies = (
			);
			name = WidgetView;
			productName = WidgetView;
			productReference = BFAED51A1A1BBCD600980A88 /* WidgetView.appex */;
			productType = "com.apple.product-type.app-extension";
		};
/* End PBXNativeTarget section */

/* Begin PBXProject section */
		BFAED4E91A1BBCC700980A88 /* Project object */ = {
			isa = PBXProject;
			attributes = {
				LastUpgradeCheck = 0610;
				ORGANIZATIONNAME = "Graham Voysey";
				TargetAttributes = {
					BFAED4F01A1BBCC700980A88 = {
						CreatedOnToolsVersion = 6.1;
					};
					BFAED5051A1BBCC700980A88 = {
						CreatedOnToolsVersion = 6.1;
						TestTargetID = BFAED4F01A1BBCC700980A88;
					};
					BFAED5191A1BBCD600980A88 = {
						CreatedOnToolsVersion = 6.1;
					};
				};
			};
			buildConfigurationList = BFAED4EC1A1BBCC700980A88 /* Build configuration list for PBXProject "Toasty" */;
			compatibilityVersion = "Xcode 3.2";
			developmentRegion = English;
			hasScannedForEncodings = 0;
			knownRegions = (
				en,
				Base,
			);
			mainGroup = BFAED4E81A1BBCC700980A88;
			productRefGroup = BFAED4F21A1BBCC700980A88 /* Products */;
			projectDirPath = "";
			projectRoot = "";
			targets = (
				BFAED4F01A1BBCC700980A88 /* Toasty */,
				BFAED5051A1BBCC700980A88 /* ToastyTests */,
				BFAED5191A1BBCD600980A88 /* WidgetView */,
			);
		};
/* End PBXProject section */

/* Begin PBXResourcesBuildPhase section */
		BFAED4EF1A1BBCC700980A88 /* Resources */ = {
			isa = PBXResourcesBuildPhase;
			buildActionMask = 2147483647;
			files = (
				BFAED4FC1A1BBCC700980A88 /* Main.storyboard in Resources */,
				BFAED5011A1BBCC700980A88 /* LaunchScreen.xib in Resources */,
				BFAED4FE1A1BBCC700980A88 /* Images.xcassets in Resources */,
			);
			runOnlyForDeploymentPostprocessing = 0;
		};
		BFAED5041A1BBCC700980A88 /* Resources */ = {
			isa = PBXResourcesBuildPhase;
			buildActionMask = 2147483647;
			files = (
			);
			runOnlyForDeploymentPostprocessing = 0;
		};
		BFAED5181A1BBCD600980A88 /* Resources */ = {
			isa = PBXResourcesBuildPhase;
			buildActionMask = 2147483647;
			files = (
				BFAED5241A1BBCD600980A88 /* MainInterface.storyboard in Resources */,
			);
			runOnlyForDeploymentPostprocessing = 0;
		};
/* End PBXResourcesBuildPhase section */

/* Begin PBXSourcesBuildPhase section */
		BFAED4ED1A1BBCC700980A88 /* Sources */ = {
			isa = PBXSourcesBuildPhase;
			buildActionMask = 2147483647;
			files = (
				BFAED4F91A1BBCC700980A88 /* ViewController.swift in Sources */,
				BFAED4F71A1BBCC700980A88 /* AppDelegate.swift in Sources */,
			);
			runOnlyForDeploymentPostprocessing = 0;
		};
		BFAED5021A1BBCC700980A88 /* Sources */ = {
			isa = PBXSourcesBuildPhase;
			buildActionMask = 2147483647;
			files = (
				BFAED50D1A1BBCC700980A88 /* ToastyTests.swift in Sources */,
			);
			runOnlyForDeploymentPostprocessing = 0;
		};
		BFAED5161A1BBCD600980A88 /* Sources */ = {
			isa = PBXSourcesBuildPhase;
			buildActionMask = 2147483647;
			files = (
				BFAED5221A1BBCD600980A88 /* TodayViewController.swift in Sources */,
				BFAED52D1A1BF02600980A88 /* AEXML.swift in Sources */,
			);
			runOnlyForDeploymentPostprocessing = 0;
		};
/* End PBXSourcesBuildPhase section */

/* Begin PBXTargetDependency section */
		BFAED5081A1BBCC700980A88 /* PBXTargetDependency */ = {
			isa = PBXTargetDependency;
			target = BFAED4F01A1BBCC700980A88 /* Toasty */;
			targetProxy = BFAED5071A1BBCC700980A88 /* PBXContainerItemProxy */;
		};
		BFAED5261A1BBCD600980A88 /* PBXTargetDependency */ = {
			isa = PBXTargetDependency;
			target = BFAED5191A1BBCD600980A88 /* WidgetView */;
			targetProxy = BFAED5251A1BBCD600980A88 /* PBXContainerItemProxy */;
		};
/* End PBXTargetDependency section */

/* Begin PBXVariantGroup section */
		BFAED4FA1A1BBCC700980A88 /* Main.storyboard */ = {
			isa = PBXVariantGroup;
			children = (
				BFAED4FB1A1BBCC700980A88 /* Base */,
			);
			name = Main.storyboard;
			sourceTree = "<group>";
		};
		BFAED4FF1A1BBCC700980A88 /* LaunchScreen.xib */ = {
			isa = PBXVariantGroup;
			children = (
				BFAED5001A1BBCC700980A88 /* Base */,
			);
			name = LaunchScreen.xib;
			sourceTree = "<group>";
		};
/* End PBXVariantGroup section */

/* Begin XCBuildConfiguration section */
		BFAED50E1A1BBCC700980A88 /* Debug */ = {
			isa = XCBuildConfiguration;
			buildSettings = {
				ALWAYS_SEARCH_USER_PATHS = NO;
				CLANG_CXX_LANGUAGE_STANDARD = "gnu++0x";
				CLANG_CXX_LIBRARY = "libc++";
				CLANG_ENABLE_MODULES = YES;
				CLANG_ENABLE_OBJC_ARC = YES;
				CLANG_WARN_BOOL_CONVERSION = YES;
				CLANG_WARN_CONSTANT_CONVERSION = YES;
				CLANG_WARN_DIRECT_OBJC_ISA_USAGE = YES_ERROR;
				CLANG_WARN_EMPTY_BODY = YES;
				CLANG_WARN_ENUM_CONVERSION = YES;
				CLANG_WARN_INT_CONVERSION = YES;
				CLANG_WARN_OBJC_ROOT_CLASS = YES_ERROR;
				CLANG_WARN_UNREACHABLE_CODE = YES;
				CLANG_WARN__DUPLICATE_METHOD_MATCH = YES;
				"CODE_SIGN_IDENTITY[sdk=iphoneos*]" = "iPhone Developer";
				COPY_PHASE_STRIP = NO;
				ENABLE_STRICT_OBJC_MSGSEND = YES;
				GCC_C_LANGUAGE_STANDARD = gnu99;
				GCC_DYNAMIC_NO_PIC = NO;
				GCC_OPTIMIZATION_LEVEL = 0;
				GCC_PREPROCESSOR_DEFINITIONS = (
					"DEBUG=1",
					"$(inherited)",
				);
				GCC_SYMBOLS_PRIVATE_EXTERN = NO;
				GCC_WARN_64_TO_32_BIT_CONVERSION = YES;
				GCC_WARN_ABOUT_RETURN_TYPE = YES_ERROR;
				GCC_WARN_UNDECLARED_SELECTOR = YES;
				GCC_WARN_UNINITIALIZED_AUTOS = YES_AGGRESSIVE;
				GCC_WARN_UNUSED_FUNCTION = YES;
				GCC_WARN_UNUSED_VARIABLE = YES;
				IPHONEOS_DEPLOYMENT_TARGET = 8.1;
				MTL_ENABLE_DEBUG_INFO = YES;
				ONLY_ACTIVE_ARCH = YES;
				SDKROOT = iphoneos;
				SWIFT_OPTIMIZATION_LEVEL = "-Onone";
				TARGETED_DEVICE_FAMILY = "1,2";
			};
			name = Debug;
		};
		BFAED50F1A1BBCC700980A88 /* Release */ = {
			isa = XCBuildConfiguration;
			buildSettings = {
				ALWAYS_SEARCH_USER_PATHS = NO;
				CLANG_CXX_LANGUAGE_STANDARD = "gnu++0x";
				CLANG_CXX_LIBRARY = "libc++";
				CLANG_ENABLE_MODULES = YES;
				CLANG_ENABLE_OBJC_ARC = YES;
				CLANG_WARN_BOOL_CONVERSION = YES;
				CLANG_WARN_CONSTANT_CONVERSION = YES;
				CLANG_WARN_DIRECT_OBJC_ISA_USAGE = YES_ERROR;
				CLANG_WARN_EMPTY_BODY = YES;
				CLANG_WARN_ENUM_CONVERSION = YES;
				CLANG_WARN_INT_CONVERSION = YES;
				CLANG_WARN_OBJC_ROOT_CLASS = YES_ERROR;
				CLANG_WARN_UNREACHABLE_CODE = YES;
				CLANG_WARN__DUPLICATE_METHOD_MATCH = YES;
				"CODE_SIGN_IDENTITY[sdk=iphoneos*]" = "iPhone Developer";
				COPY_PHASE_STRIP = YES;
				ENABLE_NS_ASSERTIONS = NO;
				ENABLE_STRICT_OBJC_MSGSEND = YES;
				GCC_C_LANGUAGE_STANDARD = gnu99;
				GCC_WARN_64_TO_32_BIT_CONVERSION = YES;
				GCC_WARN_ABOUT_RETURN_TYPE = YES_ERROR;
				GCC_WARN_UNDECLARED_SELECTOR = YES;
				GCC_WARN_UNINITIALIZED_AUTOS = YES_AGGRESSIVE;
				GCC_WARN_UNUSED_FUNCTION = YES;
				GCC_WARN_UNUSED_VARIABLE = YES;
				IPHONEOS_DEPLOYMENT_TARGET = 8.1;
				MTL_ENABLE_DEBUG_INFO = NO;
				SDKROOT = iphoneos;
				TARGETED_DEVICE_FAMILY = "1,2";
				VALIDATE_PRODUCT = YES;
			};
			name = Release;
		};
		BFAED5111A1BBCC700980A88 /* Debug */ = {
			isa = XCBuildConfiguration;
			buildSettings = {
				ASSETCATALOG_COMPILER_APPICON_NAME = AppIcon;
				EMBEDDED_CONTENT_CONTAINS_SWIFT = YES;
				INFOPLIST_FILE = Toasty/Info.plist;
				LD_RUNPATH_SEARCH_PATHS = "$(inherited) @executable_path/Frameworks";
				PRODUCT_NAME = "$(TARGET_NAME)";
			};
			name = Debug;
		};
		BFAED5121A1BBCC700980A88 /* Release */ = {
			isa = XCBuildConfiguration;
			buildSettings = {
				ASSETCATALOG_COMPILER_APPICON_NAME = AppIcon;
				EMBEDDED_CONTENT_CONTAINS_SWIFT = YES;
				INFOPLIST_FILE = Toasty/Info.plist;
				LD_RUNPATH_SEARCH_PATHS = "$(inherited) @executable_path/Frameworks";
				PRODUCT_NAME = "$(TARGET_NAME)";
			};
			name = Release;
		};
		BFAED5141A1BBCC700980A88 /* Debug */ = {
			isa = XCBuildConfiguration;
			buildSettings = {
				BUNDLE_LOADER = "$(TEST_HOST)";
				FRAMEWORK_SEARCH_PATHS = (
					"$(SDKROOT)/Developer/Library/Frameworks",
					"$(inherited)",
				);
				GCC_PREPROCESSOR_DEFINITIONS = (
					"DEBUG=1",
					"$(inherited)",
				);
				INFOPLIST_FILE = ToastyTests/Info.plist;
				LD_RUNPATH_SEARCH_PATHS = "$(inherited) @executable_path/Frameworks @loader_path/Frameworks";
				PRODUCT_NAME = "$(TARGET_NAME)";
				TEST_HOST = "$(BUILT_PRODUCTS_DIR)/Toasty.app/Toasty";
			};
			name = Debug;
		};
		BFAED5151A1BBCC700980A88 /* Release */ = {
			isa = XCBuildConfiguration;
			buildSettings = {
				BUNDLE_LOADER = "$(TEST_HOST)";
				FRAMEWORK_SEARCH_PATHS = (
					"$(SDKROOT)/Developer/Library/Frameworks",
					"$(inherited)",
				);
				INFOPLIST_FILE = ToastyTests/Info.plist;
				LD_RUNPATH_SEARCH_PATHS = "$(inherited) @executable_path/Frameworks @loader_path/Frameworks";
				PRODUCT_NAME = "$(TARGET_NAME)";
				TEST_HOST = "$(BUILT_PRODUCTS_DIR)/Toasty.app/Toasty";
			};
			name = Release;
		};
		BFAED5291A1BBCD600980A88 /* Debug */ = {
			isa = XCBuildConfiguration;
			buildSettings = {
				GCC_PREPROCESSOR_DEFINITIONS = (
					"DEBUG=1",
					"$(inherited)",
				);
				INFOPLIST_FILE = WidgetView/Info.plist;
				LD_RUNPATH_SEARCH_PATHS = "$(inherited) @executable_path/Frameworks @executable_path/../../Frameworks";
				PRODUCT_NAME = "$(TARGET_NAME)";
				SKIP_INSTALL = YES;
			};
			name = Debug;
		};
		BFAED52A1A1BBCD600980A88 /* Release */ = {
			isa = XCBuildConfiguration;
			buildSettings = {
				INFOPLIST_FILE = WidgetView/Info.plist;
				LD_RUNPATH_SEARCH_PATHS = "$(inherited) @executable_path/Frameworks @executable_path/../../Frameworks";
				PRODUCT_NAME = "$(TARGET_NAME)";
				SKIP_INSTALL = YES;
			};
			name = Release;
		};
/* End XCBuildConfiguration section */

/* Begin XCConfigurationList section */
		BFAED4EC1A1BBCC700980A88 /* Build configuration list for PBXProject "Toasty" */ = {
			isa = XCConfigurationList;
			buildConfigurations = (
				BFAED50E1A1BBCC700980A88 /* Debug */,
				BFAED50F1A1BBCC700980A88 /* Release */,
			);
			defaultConfigurationIsVisible = 0;
			defaultConfigurationName = Release;
		};
		BFAED5101A1BBCC700980A88 /* Build configuration list for PBXNativeTarget "Toasty" */ = {
			isa = XCConfigurationList;
			buildConfigurations = (
				BFAED5111A1BBCC700980A88 /* Debug */,
				BFAED5121A1BBCC700980A88 /* Release */,
			);
			defaultConfigurationIsVisible = 0;
		};
		BFAED5131A1BBCC700980A88 /* Build configuration list for PBXNativeTarget "ToastyTests" */ = {
			isa = XCConfigurationList;
			buildConfigurations = (
				BFAED5141A1BBCC700980A88 /* Debug */,
				BFAED5151A1BBCC700980A88 /* Release */,
			);
			defaultConfigurationIsVisible = 0;
		};
		BFAED5281A1BBCD600980A88 /* Build configuration list for PBXNativeTarget "WidgetView" */ = {
			isa = XCConfigurationList;
			buildConfigurations = (
				BFAED5291A1BBCD600980A88 /* Debug */,
				BFAED52A1A1BBCD600980A88 /* Release */,
			);
			defaultConfigurationIsVisible = 0;
		};
/* End XCConfigurationList section */
	};
	rootObject = BFAED4E91A1BBCC700980A88 /* Project object */;
}
